
Microsoft Visual Studio Solution File, Format Version 12.00
# Visual Studio Version 17
VisualStudioVersion = 17.2.32630.192
MinimumVisualStudioVersion = 10.0.40219.1
Project("{9A19103F-16F7-4668-BE54-9A1E7A4F7556}") = "R5T.F0071", "R5T.F0071\R5T.F0071.csproj", "{CC394AD0-F9ED-4A60-B3DC-555ABAF0080D}"
EndProject
Global
	GlobalSection(SolutionConfigurationPlatforms) = preSolution
		Debug|Any CPU = Debug|Any CPU
		Release|Any CPU = Release|Any CPU
	EndGlobalSection
	GlobalSection(ProjectConfigurationPlatforms) = postSolution
		{CC394AD0-F9ED-4A60-B3DC-555ABAF0080D}.Debug|Any CPU.ActiveCfg = Debug|Any CPU
		{CC394AD0-F9ED-4A60-B3DC-555ABAF0080D}.Debug|Any CPU.Build.0 = Debug|Any CPU
		{CC394AD0-F9ED-4A60-B3DC-555ABAF0080D}.Release|Any CPU.ActiveCfg = Release|Any CPU
		{CC394AD0-F9ED-4A60-B3DC-555ABAF0080D}.Release|Any CPU.Build.0 = Release|Any CPU
	EndGlobalSection
	GlobalSection(SolutionProperties) = preSolution
		HideSolutionNode = FALSE
	EndGlobalSection
	GlobalSection(ExtensibilityGlobals) = postSolution
		SolutionGuid = {0EA2A616-4C22-448E-B2A3-9A23E94B42E5}
	EndGlobalSection
EndGlobal
