
Microsoft Visual Studio Solution File, Format Version 12.00
# Visual Studio Version 17
VisualStudioVersion = 17.2.32630.192
MinimumVisualStudioVersion = 10.0.40219.1
Project("{9A19103F-16F7-4668-BE54-9A1E7A4F7556}") = "R5T.F0071.Construction", "R5T.F0071.Construction\R5T.F0071.Construction.csproj", "{D849BB0D-864B-4EF5-A17D-6D3981ED95CC}"
EndProject
Project("{9A19103F-16F7-4668-BE54-9A1E7A4F7556}") = "R5T.F0071", "R5T.F0071\R5T.F0071.csproj", "{93BF0949-1BEB-4C7F-9EB2-E50E11287D00}"
EndProject
Global
	GlobalSection(SolutionConfigurationPlatforms) = preSolution
		Debug|Any CPU = Debug|Any CPU
		Release|Any CPU = Release|Any CPU
	EndGlobalSection
	GlobalSection(ProjectConfigurationPlatforms) = postSolution
		{D849BB0D-864B-4EF5-A17D-6D3981ED95CC}.Debug|Any CPU.ActiveCfg = Debug|Any CPU
		{D849BB0D-864B-4EF5-A17D-6D3981ED95CC}.Debug|Any CPU.Build.0 = Debug|Any CPU
		{D849BB0D-864B-4EF5-A17D-6D3981ED95CC}.Release|Any CPU.ActiveCfg = Release|Any CPU
		{D849BB0D-864B-4EF5-A17D-6D3981ED95CC}.Release|Any CPU.Build.0 = Release|Any CPU
		{93BF0949-1BEB-4C7F-9EB2-E50E11287D00}.Debug|Any CPU.ActiveCfg = Debug|Any CPU
		{93BF0949-1BEB-4C7F-9EB2-E50E11287D00}.Debug|Any CPU.Build.0 = Debug|Any CPU
		{93BF0949-1BEB-4C7F-9EB2-E50E11287D00}.Release|Any CPU.ActiveCfg = Release|Any CPU
		{93BF0949-1BEB-4C7F-9EB2-E50E11287D00}.Release|Any CPU.Build.0 = Release|Any CPU
	EndGlobalSection
	GlobalSection(SolutionProperties) = preSolution
		HideSolutionNode = FALSE
	EndGlobalSection
	GlobalSection(ExtensibilityGlobals) = postSolution
		SolutionGuid = {2FDCA46E-1553-4E0F-8972-5DDDC41F7076}
	EndGlobalSection
EndGlobal
